
Microsoft Visual Studio Solution File, Format Version 12.00
Project("{FAE04EC0-301F-11D3-BF4B-00C04F79EFBC}") = "Dynatech.Test", "Dynatech.Test\Dynatech.Test.csproj", "{C973C8B3-2392-4BDB-B0E9-78B145814D6E}"
EndProject
Project("{FAE04EC0-301F-11D3-BF4B-00C04F79EFBC}") = "Dynatech.Test.Common", "Dynatech.Test.Common\Dynatech.Test.Common.csproj", "{0D26AA70-5837-463B-9718-499E4A0EC627}"
EndProject
Global
	GlobalSection(SolutionConfigurationPlatforms) = preSolution
		Debug|Any CPU = Debug|Any CPU
		Release|Any CPU = Release|Any CPU
	EndGlobalSection
	GlobalSection(ProjectConfigurationPlatforms) = postSolution
		{C973C8B3-2392-4BDB-B0E9-78B145814D6E}.Debug|Any CPU.ActiveCfg = Debug|Any CPU
		{C973C8B3-2392-4BDB-B0E9-78B145814D6E}.Debug|Any CPU.Build.0 = Debug|Any CPU
		{C973C8B3-2392-4BDB-B0E9-78B145814D6E}.Release|Any CPU.ActiveCfg = Release|Any CPU
		{C973C8B3-2392-4BDB-B0E9-78B145814D6E}.Release|Any CPU.Build.0 = Release|Any CPU
		{0D26AA70-5837-463B-9718-499E4A0EC627}.Debug|Any CPU.ActiveCfg = Debug|Any CPU
		{0D26AA70-5837-463B-9718-499E4A0EC627}.Debug|Any CPU.Build.0 = Debug|Any CPU
		{0D26AA70-5837-463B-9718-499E4A0EC627}.Release|Any CPU.ActiveCfg = Release|Any CPU
		{0D26AA70-5837-463B-9718-499E4A0EC627}.Release|Any CPU.Build.0 = Release|Any CPU
	EndGlobalSection
EndGlobal
